// !$*UTF8*$!
{
	archiveVersion = 1;
	classes = {
	};
	objectVersion = 46;
	objects = {

/* Begin PBXBuildFile section */
		32518B861D9D0D1100A8A94D /* HomeViewController.m in Sources */ = {isa = PBXBuildFile; fileRef = 32518B851D9D0D1100A8A94D /* HomeViewController.m */; };
		32518B8A1D9D23B700A8A94D /* HomeCell.m in Sources */ = {isa = PBXBuildFile; fileRef = 32518B891D9D23B700A8A94D /* HomeCell.m */; };
		32518B8D1D9D310300A8A94D /* HomeModel.m in Sources */ = {isa = PBXBuildFile; fileRef = 32518B8C1D9D310300A8A94D /* HomeModel.m */; };
		32518B901D9D317900A8A94D /* HomeViewControllerModel.m in Sources */ = {isa = PBXBuildFile; fileRef = 32518B8F1D9D317900A8A94D /* HomeViewControllerModel.m */; };
		32518B941D9D367200A8A94D /* HomeDataRequest.m in Sources */ = {isa = PBXBuildFile; fileRef = 32518B931D9D367200A8A94D /* HomeDataRequest.m */; };
		328A72341D9A60170051B7C5 /* main.m in Sources */ = {isa = PBXBuildFile; fileRef = 328A72331D9A60170051B7C5 /* main.m */; };
		328A72371D9A60170051B7C5 /* AppDelegate.m in Sources */ = {isa = PBXBuildFile; fileRef = 328A72361D9A60170051B7C5 /* AppDelegate.m */; };
		328A723F1D9A60170051B7C5 /* Assets.xcassets in Resources */ = {isa = PBXBuildFile; fileRef = 328A723E1D9A60170051B7C5 /* Assets.xcassets */; };
		A4C98C6649D5179BA98175B3 /* libPods-HomeDemo.a in Frameworks */ = {isa = PBXBuildFile; fileRef = 752A02058AF0969034228F9B /* libPods-HomeDemo.a */; };
/* End PBXBuildFile section */

/* Begin PBXFileReference section */
		32518B841D9D0D1100A8A94D /* HomeViewController.h */ = {isa = PBXFileReference; fileEncoding = 4; lastKnownFileType = sourcecode.c.h; path = HomeViewController.h; sourceTree = "<group>"; };
		32518B851D9D0D1100A8A94D /* HomeViewController.m */ = {isa = PBXFileReference; fileEncoding = 4; lastKnownFileType = sourcecode.c.objc; path = HomeViewController.m; sourceTree = "<group>"; };
		32518B881D9D23B700A8A94D /* HomeCell.h */ = {isa = PBXFileReference; fileEncoding = 4; lastKnownFileType = sourcecode.c.h; path = HomeCell.h; sourceTree = "<group>"; };
		32518B891D9D23B700A8A94D /* HomeCell.m */ = {isa = PBXFileReference; fileEncoding = 4; lastKnownFileType = sourcecode.c.objc; path = HomeCell.m; sourceTree = "<group>"; };
		32518B8B1D9D310300A8A94D /* HomeModel.h */ = {isa = PBXFileReference; fileEncoding = 4; lastKnownFileType = sourcecode.c.h; path = HomeModel.h; sourceTree = "<group>"; };
		32518B8C1D9D310300A8A94D /* HomeModel.m */ = {isa = PBXFileReference; fileEncoding = 4; lastKnownFileType = sourcecode.c.objc; path = HomeModel.m; sourceTree = "<group>"; };
		32518B8E1D9D317900A8A94D /* HomeViewControllerModel.h */ = {isa = PBXFileReference; fileEncoding = 4; lastKnownFileType = sourcecode.c.h; path = HomeViewControllerModel.h; sourceTree = "<group>"; };
		32518B8F1D9D317900A8A94D /* HomeViewControllerModel.m */ = {isa = PBXFileReference; fileEncoding = 4; lastKnownFileType = sourcecode.c.objc; path = HomeViewControllerModel.m; sourceTree = "<group>"; };
		32518B911D9D31AB00A8A94D /* HomeProtocol.h */ = {isa = PBXFileReference; fileEncoding = 4; lastKnownFileType = sourcecode.c.h; path = HomeProtocol.h; sourceTree = "<group>"; };
		32518B921D9D367200A8A94D /* HomeDataRequest.h */ = {isa = PBXFileReference; fileEncoding = 4; lastKnownFileType = sourcecode.c.h; path = HomeDataRequest.h; sourceTree = "<group>"; };
		32518B931D9D367200A8A94D /* HomeDataRequest.m */ = {isa = PBXFileReference; fileEncoding = 4; lastKnownFileType = sourcecode.c.objc; path = HomeDataRequest.m; sourceTree = "<group>"; };
		328A722F1D9A60170051B7C5 /* HomeDemo.app */ = {isa = PBXFileReference; explicitFileType = wrapper.application; includeInIndex = 0; path = HomeDemo.app; sourceTree = BUILT_PRODUCTS_DIR; };
		328A72331D9A60170051B7C5 /* main.m */ = {isa = PBXFileReference; lastKnownFileType = sourcecode.c.objc; path = main.m; sourceTree = "<group>"; };
		328A72351D9A60170051B7C5 /* AppDelegate.h */ = {isa = PBXFileReference; lastKnownFileType = sourcecode.c.h; path = AppDelegate.h; sourceTree = "<group>"; };
		328A72361D9A60170051B7C5 /* AppDelegate.m */ = {isa = PBXFileReference; lastKnownFileType = sourcecode.c.objc; path = AppDelegate.m; sourceTree = "<group>"; };
		328A723E1D9A60170051B7C5 /* Assets.xcassets */ = {isa = PBXFileReference; lastKnownFileType = folder.assetcatalog; path = Assets.xcassets; sourceTree = "<group>"; };
		328A72431D9A60170051B7C5 /* Info.plist */ = {isa = PBXFileReference; lastKnownFileType = text.plist.xml; path = Info.plist; sourceTree = "<group>"; };
		3B987876149862D20540C61A /* Pods-HomeDemo.debug.xcconfig */ = {isa = PBXFileReference; includeInIndex = 1; lastKnownFileType = text.xcconfig; name = "Pods-HomeDemo.debug.xcconfig"; path = "Pods/Target Support Files/Pods-HomeDemo/Pods-HomeDemo.debug.xcconfig"; sourceTree = "<group>"; };
		752A02058AF0969034228F9B /* libPods-HomeDemo.a */ = {isa = PBXFileReference; explicitFileType = archive.ar; includeInIndex = 0; path = "libPods-HomeDemo.a"; sourceTree = BUILT_PRODUCTS_DIR; };
		C39D531958911D319BE0C4D5 /* Pods-HomeDemo.release.xcconfig */ = {isa = PBXFileReference; includeInIndex = 1; lastKnownFileType = text.xcconfig; name = "Pods-HomeDemo.release.xcconfig"; path = "Pods/Target Support Files/Pods-HomeDemo/Pods-HomeDemo.release.xcconfig"; sourceTree = "<group>"; };
/* End PBXFileReference section */

/* Begin PBXFrameworksBuildPhase section */
		328A722C1D9A60170051B7C5 /* Frameworks */ = {
			isa = PBXFrameworksBuildPhase;
			buildActionMask = 2147483647;
			files = (
				A4C98C6649D5179BA98175B3 /* libPods-HomeDemo.a in Frameworks */,
			);
			runOnlyForDeploymentPostprocessing = 0;
		};
/* End PBXFrameworksBuildPhase section */

/* Begin PBXGroup section */
		32518B801D9D0D1100A8A94D /* HomeModels */ = {
			isa = PBXGroup;
			children = (
				32518B8E1D9D317900A8A94D /* HomeViewControllerModel.h */,
				32518B8F1D9D317900A8A94D /* HomeViewControllerModel.m */,
				32518B8B1D9D310300A8A94D /* HomeModel.h */,
				32518B8C1D9D310300A8A94D /* HomeModel.m */,
			);
			path = HomeModels;
			sourceTree = "<group>";
		};
		32518B811D9D0D1100A8A94D /* HomeProtocols */ = {
			isa = PBXGroup;
			children = (
				32518B911D9D31AB00A8A94D /* HomeProtocol.h */,
			);
			path = HomeProtocols;
			sourceTree = "<group>";
		};
		32518B821D9D0D1100A8A94D /* HomeRequest */ = {
			isa = PBXGroup;
			children = (
				32518B921D9D367200A8A94D /* HomeDataRequest.h */,
				32518B931D9D367200A8A94D /* HomeDataRequest.m */,
			);
			path = HomeRequest;
			sourceTree = "<group>";
		};
		32518B831D9D0D1100A8A94D /* HomeViewController */ = {
			isa = PBXGroup;
			children = (
				32518B841D9D0D1100A8A94D /* HomeViewController.h */,
				32518B851D9D0D1100A8A94D /* HomeViewController.m */,
			);
			path = HomeViewController;
			sourceTree = "<group>";
		};
		32518B871D9D10E400A8A94D /* HomeCells */ = {
			isa = PBXGroup;
			children = (
				32518B881D9D23B700A8A94D /* HomeCell.h */,
				32518B891D9D23B700A8A94D /* HomeCell.m */,
			);
			path = HomeCells;
			sourceTree = "<group>";
		};
		328A72261D9A60170051B7C5 = {
			isa = PBXGroup;
			children = (
				328A72311D9A60170051B7C5 /* HomeDemo */,
				328A72301D9A60170051B7C5 /* Products */,
				BE6D695BF444F8877DAAD0D4 /* Pods */,
				92E9495AC0A6EE4ED17C29F3 /* Frameworks */,
			);
			sourceTree = "<group>";
		};
		328A72301D9A60170051B7C5 /* Products */ = {
			isa = PBXGroup;
			children = (
				328A722F1D9A60170051B7C5 /* HomeDemo.app */,
			);
			name = Products;
			sourceTree = "<group>";
		};
		328A72311D9A60170051B7C5 /* HomeDemo */ = {
			isa = PBXGroup;
			children = (
				32518B871D9D10E400A8A94D /* HomeCells */,
				32518B801D9D0D1100A8A94D /* HomeModels */,
				32518B811D9D0D1100A8A94D /* HomeProtocols */,
				32518B821D9D0D1100A8A94D /* HomeRequest */,
				32518B831D9D0D1100A8A94D /* HomeViewController */,
				328A72351D9A60170051B7C5 /* AppDelegate.h */,
				328A72361D9A60170051B7C5 /* AppDelegate.m */,
				328A723E1D9A60170051B7C5 /* Assets.xcassets */,
				328A72431D9A60170051B7C5 /* Info.plist */,
				328A72321D9A60170051B7C5 /* Supporting Files */,
			);
			path = HomeDemo;
			sourceTree = "<group>";
		};
		328A72321D9A60170051B7C5 /* Supporting Files */ = {
			isa = PBXGroup;
			children = (
				328A72331D9A60170051B7C5 /* main.m */,
			);
			name = "Supporting Files";
			sourceTree = "<group>";
		};
		92E9495AC0A6EE4ED17C29F3 /* Frameworks */ = {
			isa = PBXGroup;
			children = (
				752A02058AF0969034228F9B /* libPods-HomeDemo.a */,
			);
			name = Frameworks;
			sourceTree = "<group>";
		};
		BE6D695BF444F8877DAAD0D4 /* Pods */ = {
			isa = PBXGroup;
			children = (
				3B987876149862D20540C61A /* Pods-HomeDemo.debug.xcconfig */,
				C39D531958911D319BE0C4D5 /* Pods-HomeDemo.release.xcconfig */,
			);
			name = Pods;
			sourceTree = "<group>";
		};
/* End PBXGroup section */

/* Begin PBXNativeTarget section */
		328A722E1D9A60170051B7C5 /* HomeDemo */ = {
			isa = PBXNativeTarget;
			buildConfigurationList = 328A725C1D9A60170051B7C5 /* Build configuration list for PBXNativeTarget "HomeDemo" */;
			buildPhases = (
				49710957D0BCCA9BD84F07D7 /* Check Pods Manifest.lock */,
				328A722B1D9A60170051B7C5 /* Sources */,
				328A722C1D9A60170051B7C5 /* Frameworks */,
				328A722D1D9A60170051B7C5 /* Resources */,
				2852E945340A29F4E61E04BC /* Embed Pods Frameworks */,
				AFE0710388C4A35CF765B3F4 /* Copy Pods Resources */,
			);
			buildRules = (
			);
			dependencies = (
			);
			name = HomeDemo;
			productName = HomeDemo;
			productReference = 328A722F1D9A60170051B7C5 /* HomeDemo.app */;
			productType = "com.apple.product-type.application";
		};
/* End PBXNativeTarget section */

/* Begin PBXProject section */
		328A72271D9A60170051B7C5 /* Project object */ = {
			isa = PBXProject;
			attributes = {
				LastUpgradeCheck = 0800;
				ORGANIZATIONNAME = losehero;
				TargetAttributes = {
					328A722E1D9A60170051B7C5 = {
						CreatedOnToolsVersion = 8.0;
						DevelopmentTeam = 64322LCV97;
						ProvisioningStyle = Automatic;
					};
				};
			};
			buildConfigurationList = 328A722A1D9A60170051B7C5 /* Build configuration list for PBXProject "HomeDemo" */;
			compatibilityVersion = "Xcode 3.2";
			developmentRegion = English;
			hasScannedForEncodings = 0;
			knownRegions = (
				en,
				Base,
			);
			mainGroup = 328A72261D9A60170051B7C5;
			productRefGroup = 328A72301D9A60170051B7C5 /* Products */;
			projectDirPath = "";
			projectRoot = "";
			targets = (
				328A722E1D9A60170051B7C5 /* HomeDemo */,
			);
		};
/* End PBXProject section */

/* Begin PBXResourcesBuildPhase section */
		328A722D1D9A60170051B7C5 /* Resources */ = {
			isa = PBXResourcesBuildPhase;
			buildActionMask = 2147483647;
			files = (
				328A723F1D9A60170051B7C5 /* Assets.xcassets in Resources */,
			);
			runOnlyForDeploymentPostprocessing = 0;
		};
/* End PBXResourcesBuildPhase section */

/* Begin PBXShellScriptBuildPhase section */
		2852E945340A29F4E61E04BC /* Embed Pods Frameworks */ = {
			isa = PBXShellScriptBuildPhase;
			buildActionMask = 2147483647;
			files = (
			);
			inputPaths = (
			);
			name = "Embed Pods Frameworks";
			outputPaths = (
			);
			runOnlyForDeploymentPostprocessing = 0;
			shellPath = /bin/sh;
			shellScript = "\"${SRCROOT}/Pods/Target Support Files/Pods-HomeDemo/Pods-HomeDemo-frameworks.sh\"\n";
			showEnvVarsInLog = 0;
		};
		49710957D0BCCA9BD84F07D7 /* Check Pods Manifest.lock */ = {
			isa = PBXShellScriptBuildPhase;
			buildActionMask = 2147483647;
			files = (
			);
			inputPaths = (
			);
			name = "Check Pods Manifest.lock";
			outputPaths = (
			);
			runOnlyForDeploymentPostprocessing = 0;
			shellPath = /bin/sh;
			shellScript = "diff \"${PODS_ROOT}/../Podfile.lock\" \"${PODS_ROOT}/Manifest.lock\" > /dev/null\nif [[ $? != 0 ]] ; then\n    cat << EOM\nerror: The sandbox is not in sync with the Podfile.lock. Run 'pod install' or update your CocoaPods installation.\nEOM\n    exit 1\nfi\n";
			showEnvVarsInLog = 0;
		};
		AFE0710388C4A35CF765B3F4 /* Copy Pods Resources */ = {
			isa = PBXShellScriptBuildPhase;
			buildActionMask = 2147483647;
			files = (
			);
			inputPaths = (
			);
			name = "Copy Pods Resources";
			outputPaths = (
			);
			runOnlyForDeploymentPostprocessing = 0;
			shellPath = /bin/sh;
			shellScript = "\"${SRCROOT}/Pods/Target Support Files/Pods-HomeDemo/Pods-HomeDemo-resources.sh\"\n";
			showEnvVarsInLog = 0;
		};
/* End PBXShellScriptBuildPhase section */

/* Begin PBXSourcesBuildPhase section */
		328A722B1D9A60170051B7C5 /* Sources */ = {
			isa = PBXSourcesBuildPhase;
			buildActionMask = 2147483647;
			files = (
				32518B8D1D9D310300A8A94D /* HomeModel.m in Sources */,
				32518B941D9D367200A8A94D /* HomeDataRequest.m in Sources */,
				328A72371D9A60170051B7C5 /* AppDelegate.m in Sources */,
				328A72341D9A60170051B7C5 /* main.m in Sources */,
				32518B901D9D317900A8A94D /* HomeViewControllerModel.m in Sources */,
				32518B8A1D9D23B700A8A94D /* HomeCell.m in Sources */,
				32518B861D9D0D1100A8A94D /* HomeViewController.m in Sources */,
			);
			runOnlyForDeploymentPostprocessing = 0;
		};
/* End PBXSourcesBuildPhase section */

/* Begin XCBuildConfiguration section */
		328A725A1D9A60170051B7C5 /* Debug */ = {
			isa = XCBuildConfiguration;
			buildSettings = {
				ALWAYS_SEARCH_USER_PATHS = NO;
				CLANG_ANALYZER_NONNULL = YES;
				CLANG_CXX_LANGUAGE_STANDARD = "gnu++0x";
				CLANG_CXX_LIBRARY = "libc++";
				CLANG_ENABLE_MODULES = YES;
				CLANG_ENABLE_OBJC_ARC = YES;
				CLANG_WARN_BOOL_CONVERSION = YES;
				CLANG_WARN_CONSTANT_CONVERSION = YES;
				CLANG_WARN_DIRECT_OBJC_ISA_USAGE = YES_ERROR;
				CLANG_WARN_DOCUMENTATION_COMMENTS = YES;
				CLANG_WARN_EMPTY_BODY = YES;
				CLANG_WARN_ENUM_CONVERSION = YES;
				CLANG_WARN_INFINITE_RECURSION = YES;
				CLANG_WARN_INT_CONVERSION = YES;
				CLANG_WARN_OBJC_ROOT_CLASS = YES_ERROR;
				CLANG_WARN_SUSPICIOUS_MOVES = YES;
				CLANG_WARN_UNREACHABLE_CODE = YES;
				CLANG_WARN__DUPLICATE_METHOD_MATCH = YES;
				"CODE_SIGN_IDENTITY[sdk=iphoneos*]" = "iPhone Developer";
				COPY_PHASE_STRIP = NO;
				DEBUG_INFORMATION_FORMAT = dwarf;
				ENABLE_STRICT_OBJC_MSGSEND = YES;
				ENABLE_TESTABILITY = YES;
				GCC_C_LANGUAGE_STANDARD = gnu99;
				GCC_DYNAMIC_NO_PIC = NO;
				GCC_NO_COMMON_BLOCKS = YES;
				GCC_OPTIMIZATION_LEVEL = 0;
				GCC_PREPROCESSOR_DEFINITIONS = (
					"DEBUG=1",
					"$(inherited)",
				);
				GCC_WARN_64_TO_32_BIT_CONVERSION = YES;
				GCC_WARN_ABOUT_RETURN_TYPE = YES_ERROR;
				GCC_WARN_UNDECLARED_SELECTOR = YES;
				GCC_WARN_UNINITIALIZED_AUTOS = YES_AGGRESSIVE;
				GCC_WARN_UNUSED_FUNCTION = YES;
				GCC_WARN_UNUSED_VARIABLE = YES;
				IPHONEOS_DEPLOYMENT_TARGET = 8.0;
				MTL_ENABLE_DEBUG_INFO = YES;
				ONLY_ACTIVE_ARCH = YES;
				SDKROOT = iphoneos;
			};
			name = Debug;
		};
		328A725B1D9A60170051B7C5 /* Release */ = {
			isa = XCBuildConfiguration;
			buildSettings = {
				ALWAYS_SEARCH_USER_PATHS = NO;
				CLANG_ANALYZER_NONNULL = YES;
				CLANG_CXX_LANGUAGE_STANDARD = "gnu++0x";
				CLANG_CXX_LIBRARY = "libc++";
				CLANG_ENABLE_MODULES = YES;
				CLANG_ENABLE_OBJC_ARC = YES;
				CLANG_WARN_BOOL_CONVERSION = YES;
				CLANG_WARN_CONSTANT_CONVERSION = YES;
				CLANG_WARN_DIRECT_OBJC_ISA_USAGE = YES_ERROR;
				CLANG_WARN_DOCUMENTATION_COMMENTS = YES;
				CLANG_WARN_EMPTY_BODY = YES;
				CLANG_WARN_ENUM_CONVERSION = YES;
				CLANG_WARN_INFINITE_RECURSION = YES;
				CLANG_WARN_INT_CONVERSION = YES;
				CLANG_WARN_OBJC_ROOT_CLASS = YES_ERROR;
				CLANG_WARN_SUSPICIOUS_MOVES = YES;
				CLANG_WARN_UNREACHABLE_CODE = YES;
				CLANG_WARN__DUPLICATE_METHOD_MATCH = YES;
				"CODE_SIGN_IDENTITY[sdk=iphoneos*]" = "iPhone Developer";
				COPY_PHASE_STRIP = NO;
				DEBUG_INFORMATION_FORMAT = "dwarf-with-dsym";
				ENABLE_NS_ASSERTIONS = NO;
				ENABLE_STRICT_OBJC_MSGSEND = YES;
				GCC_C_LANGUAGE_STANDARD = gnu99;
				GCC_NO_COMMON_BLOCKS = YES;
				GCC_WARN_64_TO_32_BIT_CONVERSION = YES;
				GCC_WARN_ABOUT_RETURN_TYPE = YES_ERROR;
				GCC_WARN_UNDECLARED_SELECTOR = YES;
				GCC_WARN_UNINITIALIZED_AUTOS = YES_AGGRESSIVE;
				GCC_WARN_UNUSED_FUNCTION = YES;
				GCC_WARN_UNUSED_VARIABLE = YES;
				IPHONEOS_DEPLOYMENT_TARGET = 8.0;
				MTL_ENABLE_DEBUG_INFO = NO;
				SDKROOT = iphoneos;
				VALIDATE_PRODUCT = YES;
			};
			name = Release;
		};
		328A725D1D9A60170051B7C5 /* Debug */ = {
			isa = XCBuildConfiguration;
			baseConfigurationReference = 3B987876149862D20540C61A /* Pods-HomeDemo.debug.xcconfig */;
			buildSettings = {
				ASSETCATALOG_COMPILER_APPICON_NAME = AppIcon;
				DEVELOPMENT_TEAM = 64322LCV97;
				INFOPLIST_FILE = HomeDemo/Info.plist;
				IPHONEOS_DEPLOYMENT_TARGET = 8.0;
				LD_RUNPATH_SEARCH_PATHS = "$(inherited) @executable_path/Frameworks";
				PRODUCT_BUNDLE_IDENTIFIER = com.sina.sinastatistics.HomeDemo;
				PRODUCT_NAME = "$(TARGET_NAME)";
				TARGETED_DEVICE_FAMILY = 1;
			};
			name = Debug;
		};
		328A725E1D9A60170051B7C5 /* Release */ = {
			isa = XCBuildConfiguration;
			baseConfigurationReference = C39D531958911D319BE0C4D5 /* Pods-HomeDemo.release.xcconfig */;
			buildSettings = {
				ASSETCATALOG_COMPILER_APPICON_NAME = AppIcon;
				DEVELOPMENT_TEAM = 64322LCV97;
				INFOPLIST_FILE = HomeDemo/Info.plist;
				IPHONEOS_DEPLOYMENT_TARGET = 8.0;
				LD_RUNPATH_SEARCH_PATHS = "$(inherited) @executable_path/Frameworks";
				PRODUCT_BUNDLE_IDENTIFIER = com.sina.sinastatistics.HomeDemo;
				PRODUCT_NAME = "$(TARGET_NAME)";
				TARGETED_DEVICE_FAMILY = 1;
			};
			name = Release;
		};
/* End XCBuildConfiguration section */

/* Begin XCConfigurationList section */
		328A722A1D9A60170051B7C5 /* Build configuration list for PBXProject "HomeDemo" */ = {
			isa = XCConfigurationList;
			buildConfigurations = (
				328A725A1D9A60170051B7C5 /* Debug */,
				328A725B1D9A60170051B7C5 /* Release */,
			);
			defaultConfigurationIsVisible = 0;
			defaultConfigurationName = Release;
		};
		328A725C1D9A60170051B7C5 /* Build configuration list for PBXNativeTarget "HomeDemo" */ = {
			isa = XCConfigurationList;
			buildConfigurations = (
				328A725D1D9A60170051B7C5 /* Debug */,
				328A725E1D9A60170051B7C5 /* Release */,
			);
			defaultConfigurationIsVisible = 0;
			defaultConfigurationName = Release;
		};
/* End XCConfigurationList section */
	};
	rootObject = 328A72271D9A60170051B7C5 /* Project object */;
}
